Microsoft Visual Studio Solution File, Format Version 11.00
# Visual Studio 2008

Project("{C031B73B-1BE4-DC0B-90D0-46DE3B44A37D}") = "Project_OcclusionCulling", "Assembly-CSharp-firstpass.csproj", "{D063AF28-5109-7995-3588-5DC2ABA0348D}"
EndProject
Project("{C031B73B-1BE4-DC0B-90D0-46DE3B44A37D}") = "Project_OcclusionCulling", "Assembly-CSharp.csproj", "{17B6C281-EE08-733C-41C7-E563C02F97DB}"
EndProject
Project("{C031B73B-1BE4-DC0B-90D0-46DE3B44A37D}") = "Project_OcclusionCulling", "Assembly-CSharp-Editor.csproj", "{8B80F77C-782D-D3D3-AD3C-089C9A40DFA7}"
EndProject
Project("{C031B73B-1BE4-DC0B-90D0-46DE3B44A37D}") = "Project_OcclusionCulling", "Assembly-UnityScript-firstpass.unityproj", "{6DD21AED-F4E6-34FA-F0A6-03FF8FB08D1C}"
EndProject
Global
	GlobalSection(SolutionConfigurationPlatforms) = preSolution
		Debug|Any CPU = Debug|Any CPU
		Release|Any CPU = Release|Any CPU
	EndGlobalSection
	GlobalSection(ProjectConfigurationPlatforms) = postSolution
		{D063AF28-5109-7995-3588-5DC2ABA0348D}.Debug|Any CPU.ActiveCfg = Debug|Any CPU
		{D063AF28-5109-7995-3588-5DC2ABA0348D}.Debug|Any CPU.Build.0 = Debug|Any CPU
		{D063AF28-5109-7995-3588-5DC2ABA0348D}.Release|Any CPU.ActiveCfg = Release|Any CPU
		{D063AF28-5109-7995-3588-5DC2ABA0348D}.Release|Any CPU.Build.0 = Release|Any CPU
		{17B6C281-EE08-733C-41C7-E563C02F97DB}.Debug|Any CPU.ActiveCfg = Debug|Any CPU
		{17B6C281-EE08-733C-41C7-E563C02F97DB}.Debug|Any CPU.Build.0 = Debug|Any CPU
		{17B6C281-EE08-733C-41C7-E563C02F97DB}.Release|Any CPU.ActiveCfg = Release|Any CPU
		{17B6C281-EE08-733C-41C7-E563C02F97DB}.Release|Any CPU.Build.0 = Release|Any CPU
		{8B80F77C-782D-D3D3-AD3C-089C9A40DFA7}.Debug|Any CPU.ActiveCfg = Debug|Any CPU
		{8B80F77C-782D-D3D3-AD3C-089C9A40DFA7}.Debug|Any CPU.Build.0 = Debug|Any CPU
		{8B80F77C-782D-D3D3-AD3C-089C9A40DFA7}.Release|Any CPU.ActiveCfg = Release|Any CPU
		{8B80F77C-782D-D3D3-AD3C-089C9A40DFA7}.Release|Any CPU.Build.0 = Release|Any CPU
		{6DD21AED-F4E6-34FA-F0A6-03FF8FB08D1C}.Debug|Any CPU.ActiveCfg = Debug|Any CPU
		{6DD21AED-F4E6-34FA-F0A6-03FF8FB08D1C}.Debug|Any CPU.Build.0 = Debug|Any CPU
		{6DD21AED-F4E6-34FA-F0A6-03FF8FB08D1C}.Release|Any CPU.ActiveCfg = Release|Any CPU
		{6DD21AED-F4E6-34FA-F0A6-03FF8FB08D1C}.Release|Any CPU.Build.0 = Release|Any CPU
	EndGlobalSection
	GlobalSection(SolutionProperties) = preSolution
		HideSolutionNode = FALSE
	EndGlobalSection
	GlobalSection(MonoDevelopProperties) = preSolution
		StartupItem = Assembly-CSharp.csproj
	EndGlobalSection
EndGlobal
